# This file was autogenerated by Stack.
# You should not edit this file by hand.
# For more information, please see the documentation at:
#   https://docs.haskellstack.org/en/stable/lock_files

packages:
- completed:
    hackage: threepenny-gui-0.9.4.0@sha256:662faddeb81b45b809e0fcb41755692ac0ef8f1ae45b8b3a9b9e651fa51d71c9,9865
    pantry-tree:
      sha256: 9967cd63baaf64fbbe6e8d0bc43fd389f77da2cc95b6a9151ea3d91b10dab0a3
      size: 4283
  original:
    hackage: threepenny-gui-0.9.4.0@sha256:662faddeb81b45b809e0fcb41755692ac0ef8f1ae45b8b3a9b9e651fa51d71c9,9865
snapshots:
- completed:
    sha256: 428ec8d5ce932190d3cbe266b9eb3c175cd81e984babf876b64019e2cbe4ea68
    size: 590100
    url: https://raw.githubusercontent.com/commercialhaskell/stackage-snapshots/master/lts/18/28.yaml
  original: lts-18.28
